
Microsoft Visual Studio Solution File, Format Version 12.00
# Visual Studio Version 17
VisualStudioVersion = 17.4.33122.133
MinimumVisualStudioVersion = 10.0.40219.1
Project("{FAE04EC0-301F-11D3-BF4B-00C04F79EFBC}") = "WebApi", "WebApi\WebApi.csproj", "{814A335D-9565-4288-ABE7-8AD8BAEAF920}"
EndProject
Global
	GlobalSection(SolutionConfigurationPlatforms) = preSolution
		Debug|Any CPU = Debug|Any CPU
		Release|Any CPU = Release|Any CPU
	EndGlobalSection
	GlobalSection(ProjectConfigurationPlatforms) = postSolution
		{814A335D-9565-4288-ABE7-8AD8BAEAF920}.Debug|Any CPU.ActiveCfg = Debug|Any CPU
		{814A335D-9565-4288-ABE7-8AD8BAEAF920}.Debug|Any CPU.Build.0 = Debug|Any CPU
		{814A335D-9565-4288-ABE7-8AD8BAEAF920}.Release|Any CPU.ActiveCfg = Release|Any CPU
		{814A335D-9565-4288-ABE7-8AD8BAEAF920}.Release|Any CPU.Build.0 = Release|Any CPU
	EndGlobalSection
	GlobalSection(SolutionProperties) = preSolution
		HideSolutionNode = FALSE
	EndGlobalSection
	GlobalSection(ExtensibilityGlobals) = postSolution
		SolutionGuid = {3E4539E0-8EC7-4792-8BA4-627E9A06C1E3}
	EndGlobalSection
EndGlobal
